// !$*UTF8*$!
{
	archiveVersion = 1;
	classes = {
	};
	objectVersion = 77;
	objects = {

/* Begin PBXBuildFile section */
		2C7998B60BAE831773327BA1 /* Pods_ChatFirebase.framework in Frameworks */ = {isa = PBXBuildFile; fileRef = DE1777B7D9EE4518AB88D90C /* Pods_ChatFirebase.framework */; };
		B0635ED676C3460D9FCEB00A /* Pods_ChatFirebase_ChatFirebaseUITests.framework in Frameworks */ = {isa = PBXBuildFile; fileRef = 943C290EF7C0DB48C529E644 /* Pods_ChatFirebase_ChatFirebaseUITests.framework */; };
		F39B0972621D2C527146F4C2 /* Pods_ChatFirebaseTests.framework in Frameworks */ = {isa = PBXBuildFile; fileRef = 6BCBEB65D1529725438A435C /* Pods_ChatFirebaseTests.framework */; };
/* End PBXBuildFile section */

/* Begin PBXContainerItemProxy section */
		72DE98222D7BD2F7003B856B /* PBXContainerItemProxy */ = {
			isa = PBXContainerItemProxy;
			containerPortal = 72DE98032D7BD2F5003B856B /* Project object */;
			proxyType = 1;
			remoteGlobalIDString = 72DE980A2D7BD2F5003B856B;
			remoteInfo = ChatFirebase;
		};
		72DE982C2D7BD2F7003B856B /* PBXContainerItemProxy */ = {
			isa = PBXContainerItemProxy;
			containerPortal = 72DE98032D7BD2F5003B856B /* Project object */;
			proxyType = 1;
			remoteGlobalIDString = 72DE980A2D7BD2F5003B856B;
			remoteInfo = ChatFirebase;
		};
/* End PBXContainerItemProxy section */

/* Begin PBXFileReference section */
		08FAA82D9A38997B91200408 /* Pods-ChatFirebase-ChatFirebaseUITests.debug.xcconfig */ = {isa = PBXFileReference; includeInIndex = 1; lastKnownFileType = text.xcconfig; name = "Pods-ChatFirebase-ChatFirebaseUITests.debug.xcconfig"; path = "Target Support Files/Pods-ChatFirebase-ChatFirebaseUITests/Pods-ChatFirebase-ChatFirebaseUITests.debug.xcconfig"; sourceTree = "<group>"; };
		39EE23DFD3ED842FC04659A0 /* Pods-ChatFirebase.debug.xcconfig */ = {isa = PBXFileReference; includeInIndex = 1; lastKnownFileType = text.xcconfig; name = "Pods-ChatFirebase.debug.xcconfig"; path = "Target Support Files/Pods-ChatFirebase/Pods-ChatFirebase.debug.xcconfig"; sourceTree = "<group>"; };
		6BCBEB65D1529725438A435C /* Pods_ChatFirebaseTests.framework */ = {isa = PBXFileReference; explicitFileType = wrapper.framework; includeInIndex = 0; path = Pods_ChatFirebaseTests.framework; sourceTree = BUILT_PRODUCTS_DIR; };
		72DE980B2D7BD2F5003B856B /* ChatFirebase.app */ = {isa = PBXFileReference; explicitFileType = wrapper.application; includeInIndex = 0; path = ChatFirebase.app; sourceTree = BUILT_PRODUCTS_DIR; };
		72DE98212D7BD2F7003B856B /* ChatFirebaseTests.xctest */ = {isa = PBXFileReference; explicitFileType = wrapper.cfbundle; includeInIndex = 0; path = ChatFirebaseTests.xctest; sourceTree = BUILT_PRODUCTS_DIR; };
		72DE982B2D7BD2F7003B856B /* ChatFirebaseUITests.xctest */ = {isa = PBXFileReference; explicitFileType = wrapper.cfbundle; includeInIndex = 0; path = ChatFirebaseUITests.xctest; sourceTree = BUILT_PRODUCTS_DIR; };
		943C290EF7C0DB48C529E644 /* Pods_ChatFirebase_ChatFirebaseUITests.framework */ = {isa = PBXFileReference; explicitFileType = wrapper.framework; includeInIndex = 0; path = Pods_ChatFirebase_ChatFirebaseUITests.framework; sourceTree = BUILT_PRODUCTS_DIR; };
		A658EC426FF329FD4C70031A /* Pods-ChatFirebaseTests.debug.xcconfig */ = {isa = PBXFileReference; includeInIndex = 1; lastKnownFileType = text.xcconfig; name = "Pods-ChatFirebaseTests.debug.xcconfig"; path = "Target Support Files/Pods-ChatFirebaseTests/Pods-ChatFirebaseTests.debug.xcconfig"; sourceTree = "<group>"; };
		A8C9F3C2FEFBAA59579CF8F8 /* Pods-ChatFirebaseTests.release.xcconfig */ = {isa = PBXFileReference; includeInIndex = 1; lastKnownFileType = text.xcconfig; name = "Pods-ChatFirebaseTests.release.xcconfig"; path = "Target Support Files/Pods-ChatFirebaseTests/Pods-ChatFirebaseTests.release.xcconfig"; sourceTree = "<group>"; };
		B1815D70037E44D83381F727 /* Pods-ChatFirebase-ChatFirebaseUITests.release.xcconfig */ = {isa = PBXFileReference; includeInIndex = 1; lastKnownFileType = text.xcconfig; name = "Pods-ChatFirebase-ChatFirebaseUITests.release.xcconfig"; path = "Target Support Files/Pods-ChatFirebase-ChatFirebaseUITests/Pods-ChatFirebase-ChatFirebaseUITests.release.xcconfig"; sourceTree = "<group>"; };
		D793F313059D24BE72059D14 /* Pods-ChatFirebase.release.xcconfig */ = {isa = PBXFileReference; includeInIndex = 1; lastKnownFileType = text.xcconfig; name = "Pods-ChatFirebase.release.xcconfig"; path = "Target Support Files/Pods-ChatFirebase/Pods-ChatFirebase.release.xcconfig"; sourceTree = "<group>"; };
		DE1777B7D9EE4518AB88D90C /* Pods_ChatFirebase.framework */ = {isa = PBXFileReference; explicitFileType = wrapper.framework; includeInIndex = 0; path = Pods_ChatFirebase.framework; sourceTree = BUILT_PRODUCTS_DIR; };
/* End PBXFileReference section */

/* Begin PBXFileSystemSynchronizedBuildFileExceptionSet section */
		72DE98332D7BD2F7003B856B /* Exceptions for "ChatFirebase" folder in "ChatFirebase" target */ = {
			isa = PBXFileSystemSynchronizedBuildFileExceptionSet;
			membershipExceptions = (
				Info.plist,
			);
			target = 72DE980A2D7BD2F5003B856B /* ChatFirebase */;
		};
/* End PBXFileSystemSynchronizedBuildFileExceptionSet section */

/* Begin PBXFileSystemSynchronizedRootGroup section */
		72DE980D2D7BD2F5003B856B /* ChatFirebase */ = {
			isa = PBXFileSystemSynchronizedRootGroup;
			exceptions = (
				72DE98332D7BD2F7003B856B /* Exceptions for "ChatFirebase" folder in "ChatFirebase" target */,
			);
			path = ChatFirebase;
			sourceTree = "<group>";
		};
		72DE98242D7BD2F7003B856B /* ChatFirebaseTests */ = {
			isa = PBXFileSystemSynchronizedRootGroup;
			exceptions = (
			);
			path = ChatFirebaseTests;
			sourceTree = "<group>";
		};
		72DE982E2D7BD2F7003B856B /* ChatFirebaseUITests */ = {
			isa = PBXFileSystemSynchronizedRootGroup;
			exceptions = (
			);
			path = ChatFirebaseUITests;
			sourceTree = "<group>";
		};
/* End PBXFileSystemSynchronizedRootGroup section */

/* Begin PBXFrameworksBuildPhase section */
		72DE98082D7BD2F5003B856B /* Frameworks */ = {
			isa = PBXFrameworksBuildPhase;
			buildActionMask = 2147483647;
			files = (
				2C7998B60BAE831773327BA1 /* Pods_ChatFirebase.framework in Frameworks */,
			);
			runOnlyForDeploymentPostprocessing = 0;
		};
		72DE981E2D7BD2F7003B856B /* Frameworks */ = {
			isa = PBXFrameworksBuildPhase;
			buildActionMask = 2147483647;
			files = (
				F39B0972621D2C527146F4C2 /* Pods_ChatFirebaseTests.framework in Frameworks */,
			);
			runOnlyForDeploymentPostprocessing = 0;
		};
		72DE98282D7BD2F7003B856B /* Frameworks */ = {
			isa = PBXFrameworksBuildPhase;
			buildActionMask = 2147483647;
			files = (
				B0635ED676C3460D9FCEB00A /* Pods_ChatFirebase_ChatFirebaseUITests.framework in Frameworks */,
			);
			runOnlyForDeploymentPostprocessing = 0;
		};
/* End PBXFrameworksBuildPhase section */

/* Begin PBXGroup section */
		4F08B3F81472FDFECCD21523 /* Frameworks */ = {
			isa = PBXGroup;
			children = (
				DE1777B7D9EE4518AB88D90C /* Pods_ChatFirebase.framework */,
				943C290EF7C0DB48C529E644 /* Pods_ChatFirebase_ChatFirebaseUITests.framework */,
				6BCBEB65D1529725438A435C /* Pods_ChatFirebaseTests.framework */,
			);
			name = Frameworks;
			sourceTree = "<group>";
		};
		72DE98022D7BD2F5003B856B = {
			isa = PBXGroup;
			children = (
				72DE980D2D7BD2F5003B856B /* ChatFirebase */,
				72DE98242D7BD2F7003B856B /* ChatFirebaseTests */,
				72DE982E2D7BD2F7003B856B /* ChatFirebaseUITests */,
				72DE980C2D7BD2F5003B856B /* Products */,
				7E3925CBC54C9C25044C2679 /* Pods */,
				4F08B3F81472FDFECCD21523 /* Frameworks */,
			);
			sourceTree = "<group>";
		};
		72DE980C2D7BD2F5003B856B /* Products */ = {
			isa = PBXGroup;
			children = (
				72DE980B2D7BD2F5003B856B /* ChatFirebase.app */,
				72DE98212D7BD2F7003B856B /* ChatFirebaseTests.xctest */,
				72DE982B2D7BD2F7003B856B /* ChatFirebaseUITests.xctest */,
			);
			name = Products;
			sourceTree = "<group>";
		};
		7E3925CBC54C9C25044C2679 /* Pods */ = {
			isa = PBXGroup;
			children = (
				39EE23DFD3ED842FC04659A0 /* Pods-ChatFirebase.debug.xcconfig */,
				D793F313059D24BE72059D14 /* Pods-ChatFirebase.release.xcconfig */,
				08FAA82D9A38997B91200408 /* Pods-ChatFirebase-ChatFirebaseUITests.debug.xcconfig */,
				B1815D70037E44D83381F727 /* Pods-ChatFirebase-ChatFirebaseUITests.release.xcconfig */,
				A658EC426FF329FD4C70031A /* Pods-ChatFirebaseTests.debug.xcconfig */,
				A8C9F3C2FEFBAA59579CF8F8 /* Pods-ChatFirebaseTests.release.xcconfig */,
			);
			name = Pods;
			path = Pods;
			sourceTree = "<group>";
		};
/* End PBXGroup section */

/* Begin PBXNativeTarget section */
		72DE980A2D7BD2F5003B856B /* ChatFirebase */ = {
			isa = PBXNativeTarget;
			buildConfigurationList = 72DE98342D7BD2F7003B856B /* Build configuration list for PBXNativeTarget "ChatFirebase" */;
			buildPhases = (
				8F0C8779E10F2F657232567B /* [CP] Check Pods Manifest.lock */,
				72DE98072D7BD2F5003B856B /* Sources */,
				72DE98082D7BD2F5003B856B /* Frameworks */,
				72DE98092D7BD2F5003B856B /* Resources */,
				4D7B1C35266FB5ABB2A3D78A /* [CP] Embed Pods Frameworks */,
			);
			buildRules = (
			);
			dependencies = (
			);
			fileSystemSynchronizedGroups = (
				72DE980D2D7BD2F5003B856B /* ChatFirebase */,
			);
			name = ChatFirebase;
			productName = ChatFirebase;
			productReference = 72DE980B2D7BD2F5003B856B /* ChatFirebase.app */;
			productType = "com.apple.product-type.application";
		};
		72DE98202D7BD2F7003B856B /* ChatFirebaseTests */ = {
			isa = PBXNativeTarget;
			buildConfigurationList = 72DE98392D7BD2F7003B856B /* Build configuration list for PBXNativeTarget "ChatFirebaseTests" */;
			buildPhases = (
				867E353BAD0DB6BE63660B44 /* [CP] Check Pods Manifest.lock */,
				72DE981D2D7BD2F7003B856B /* Sources */,
				72DE981E2D7BD2F7003B856B /* Frameworks */,
				72DE981F2D7BD2F7003B856B /* Resources */,
			);
			buildRules = (
			);
			dependencies = (
				72DE98232D7BD2F7003B856B /* PBXTargetDependency */,
			);
			fileSystemSynchronizedGroups = (
				72DE98242D7BD2F7003B856B /* ChatFirebaseTests */,
			);
			name = ChatFirebaseTests;
			productName = ChatFirebaseTests;
			productReference = 72DE98212D7BD2F7003B856B /* ChatFirebaseTests.xctest */;
			productType = "com.apple.product-type.bundle.unit-test";
		};
		72DE982A2D7BD2F7003B856B /* ChatFirebaseUITests */ = {
			isa = PBXNativeTarget;
			buildConfigurationList = 72DE983C2D7BD2F7003B856B /* Build configuration list for PBXNativeTarget "ChatFirebaseUITests" */;
			buildPhases = (
				D9A34D05672B5E766E27FDDF /* [CP] Check Pods Manifest.lock */,
				72DE98272D7BD2F7003B856B /* Sources */,
				72DE98282D7BD2F7003B856B /* Frameworks */,
				72DE98292D7BD2F7003B856B /* Resources */,
				135D2DA4512B2D254C9C1367 /* [CP] Embed Pods Frameworks */,
			);
			buildRules = (
			);
			dependencies = (
				72DE982D2D7BD2F7003B856B /* PBXTargetDependency */,
			);
			fileSystemSynchronizedGroups = (
				72DE982E2D7BD2F7003B856B /* ChatFirebaseUITests */,
			);
			name = ChatFirebaseUITests;
			productName = ChatFirebaseUITests;
			productReference = 72DE982B2D7BD2F7003B856B /* ChatFirebaseUITests.xctest */;
			productType = "com.apple.product-type.bundle.ui-testing";
		};
/* End PBXNativeTarget section */

/* Begin PBXProject section */
		72DE98032D7BD2F5003B856B /* Project object */ = {
			isa = PBXProject;
			attributes = {
				BuildIndependentTargetsInParallel = 1;
				LastSwiftUpdateCheck = 1620;
				LastUpgradeCheck = 1620;
				TargetAttributes = {
					72DE980A2D7BD2F5003B856B = {
						CreatedOnToolsVersion = 16.2;
					};
					72DE98202D7BD2F7003B856B = {
						CreatedOnToolsVersion = 16.2;
						TestTargetID = 72DE980A2D7BD2F5003B856B;
					};
					72DE982A2D7BD2F7003B856B = {
						CreatedOnToolsVersion = 16.2;
						TestTargetID = 72DE980A2D7BD2F5003B856B;
					};
				};
			};
			buildConfigurationList = 72DE98062D7BD2F5003B856B /* Build configuration list for PBXProject "ChatFirebase" */;
			developmentRegion = en;
			hasScannedForEncodings = 0;
			knownRegions = (
				en,
				Base,
			);
			mainGroup = 72DE98022D7BD2F5003B856B;
			minimizedProjectReferenceProxies = 1;
			preferredProjectObjectVersion = 77;
			productRefGroup = 72DE980C2D7BD2F5003B856B /* Products */;
			projectDirPath = "";
			projectRoot = "";
			targets = (
				72DE980A2D7BD2F5003B856B /* ChatFirebase */,
				72DE98202D7BD2F7003B856B /* ChatFirebaseTests */,
				72DE982A2D7BD2F7003B856B /* ChatFirebaseUITests */,
			);
		};
/* End PBXProject section */

/* Begin PBXResourcesBuildPhase section */
		72DE98092D7BD2F5003B856B /* Resources */ = {
			isa = PBXResourcesBuildPhase;
			buildActionMask = 2147483647;
			files = (
			);
			runOnlyForDeploymentPostprocessing = 0;
		};
		72DE981F2D7BD2F7003B856B /* Resources */ = {
			isa = PBXResourcesBuildPhase;
			buildActionMask = 2147483647;
			files = (
			);
			runOnlyForDeploymentPostprocessing = 0;
		};
		72DE98292D7BD2F7003B856B /* Resources */ = {
			isa = PBXResourcesBuildPhase;
			buildActionMask = 2147483647;
			files = (
			);
			runOnlyForDeploymentPostprocessing = 0;
		};
/* End PBXResourcesBuildPhase section */

/* Begin PBXShellScriptBuildPhase section */
		135D2DA4512B2D254C9C1367 /* [CP] Embed Pods Frameworks */ = {
			isa = PBXShellScriptBuildPhase;
			buildActionMask = 2147483647;
			files = (
			);
			inputFileListPaths = (
				"${PODS_ROOT}/Target Support Files/Pods-ChatFirebase-ChatFirebaseUITests/Pods-ChatFirebase-ChatFirebaseUITests-frameworks-${CONFIGURATION}-input-files.xcfilelist",
			);
			name = "[CP] Embed Pods Frameworks";
			outputFileListPaths = (
				"${PODS_ROOT}/Target Support Files/Pods-ChatFirebase-ChatFirebaseUITests/Pods-ChatFirebase-ChatFirebaseUITests-frameworks-${CONFIGURATION}-output-files.xcfilelist",
			);
			runOnlyForDeploymentPostprocessing = 0;
			shellPath = /bin/sh;
			shellScript = "\"${PODS_ROOT}/Target Support Files/Pods-ChatFirebase-ChatFirebaseUITests/Pods-ChatFirebase-ChatFirebaseUITests-frameworks.sh\"\n";
			showEnvVarsInLog = 0;
		};
		4D7B1C35266FB5ABB2A3D78A /* [CP] Embed Pods Frameworks */ = {
			isa = PBXShellScriptBuildPhase;
			buildActionMask = 2147483647;
			files = (
			);
			inputFileListPaths = (
				"${PODS_ROOT}/Target Support Files/Pods-ChatFirebase/Pods-ChatFirebase-frameworks-${CONFIGURATION}-input-files.xcfilelist",
			);
			name = "[CP] Embed Pods Frameworks";
			outputFileListPaths = (
				"${PODS_ROOT}/Target Support Files/Pods-ChatFirebase/Pods-ChatFirebase-frameworks-${CONFIGURATION}-output-files.xcfilelist",
			);
			runOnlyForDeploymentPostprocessing = 0;
			shellPath = /bin/sh;
			shellScript = "\"${PODS_ROOT}/Target Support Files/Pods-ChatFirebase/Pods-ChatFirebase-frameworks.sh\"\n";
			showEnvVarsInLog = 0;
		};
		867E353BAD0DB6BE63660B44 /* [CP] Check Pods Manifest.lock */ = {
			isa = PBXShellScriptBuildPhase;
			buildActionMask = 2147483647;
			files = (
			);
			inputFileListPaths = (
			);
			inputPaths = (
				"${PODS_PODFILE_DIR_PATH}/Podfile.lock",
				"${PODS_ROOT}/Manifest.lock",
			);
			name = "[CP] Check Pods Manifest.lock";
			outputFileListPaths = (
			);
			outputPaths = (
				"$(DERIVED_FILE_DIR)/Pods-ChatFirebaseTests-checkManifestLockResult.txt",
			);
			runOnlyForDeploymentPostprocessing = 0;
			shellPath = /bin/sh;
			shellScript = "diff \"${PODS_PODFILE_DIR_PATH}/Podfile.lock\" \"${PODS_ROOT}/Manifest.lock\" > /dev/null\nif [ $? != 0 ] ; then\n    # print error to STDERR\n    echo \"error: The sandbox is not in sync with the Podfile.lock. Run 'pod install' or update your CocoaPods installation.\" >&2\n    exit 1\nfi\n# This output is used by Xcode 'outputs' to avoid re-running this script phase.\necho \"SUCCESS\" > \"${SCRIPT_OUTPUT_FILE_0}\"\n";
			showEnvVarsInLog = 0;
		};
		8F0C8779E10F2F657232567B /* [CP] Check Pods Manifest.lock */ = {
			isa = PBXShellScriptBuildPhase;
			buildActionMask = 2147483647;
			files = (
			);
			inputFileListPaths = (
			);
			inputPaths = (
				"${PODS_PODFILE_DIR_PATH}/Podfile.lock",
				"${PODS_ROOT}/Manifest.lock",
			);
			name = "[CP] Check Pods Manifest.lock";
			outputFileListPaths = (
			);
			outputPaths = (
				"$(DERIVED_FILE_DIR)/Pods-ChatFirebase-checkManifestLockResult.txt",
			);
			runOnlyForDeploymentPostprocessing = 0;
			shellPath = /bin/sh;
			shellScript = "diff \"${PODS_PODFILE_DIR_PATH}/Podfile.lock\" \"${PODS_ROOT}/Manifest.lock\" > /dev/null\nif [ $? != 0 ] ; then\n    # print error to STDERR\n    echo \"error: The sandbox is not in sync with the Podfile.lock. Run 'pod install' or update your CocoaPods installation.\" >&2\n    exit 1\nfi\n# This output is used by Xcode 'outputs' to avoid re-running this script phase.\necho \"SUCCESS\" > \"${SCRIPT_OUTPUT_FILE_0}\"\n";
			showEnvVarsInLog = 0;
		};
		D9A34D05672B5E766E27FDDF /* [CP] Check Pods Manifest.lock */ = {
			isa = PBXShellScriptBuildPhase;
			buildActionMask = 2147483647;
			files = (
			);
			inputFileListPaths = (
			);
			inputPaths = (
				"${PODS_PODFILE_DIR_PATH}/Podfile.lock",
				"${PODS_ROOT}/Manifest.lock",
			);
			name = "[CP] Check Pods Manifest.lock";
			outputFileListPaths = (
			);
			outputPaths = (
				"$(DERIVED_FILE_DIR)/Pods-ChatFirebase-ChatFirebaseUITests-checkManifestLockResult.txt",
			);
			runOnlyForDeploymentPostprocessing = 0;
			shellPath = /bin/sh;
			shellScript = "diff \"${PODS_PODFILE_DIR_PATH}/Podfile.lock\" \"${PODS_ROOT}/Manifest.lock\" > /dev/null\nif [ $? != 0 ] ; then\n    # print error to STDERR\n    echo \"error: The sandbox is not in sync with the Podfile.lock. Run 'pod install' or update your CocoaPods installation.\" >&2\n    exit 1\nfi\n# This output is used by Xcode 'outputs' to avoid re-running this script phase.\necho \"SUCCESS\" > \"${SCRIPT_OUTPUT_FILE_0}\"\n";
			showEnvVarsInLog = 0;
		};
/* End PBXShellScriptBuildPhase section */

/* Begin PBXSourcesBuildPhase section */
		72DE98072D7BD2F5003B856B /* Sources */ = {
			isa = PBXSourcesBuildPhase;
			buildActionMask = 2147483647;
			files = (
			);
			runOnlyForDeploymentPostprocessing = 0;
		};
		72DE981D2D7BD2F7003B856B /* Sources */ = {
			isa = PBXSourcesBuildPhase;
			buildActionMask = 2147483647;
			files = (
			);
			runOnlyForDeploymentPostprocessing = 0;
		};
		72DE98272D7BD2F7003B856B /* Sources */ = {
			isa = PBXSourcesBuildPhase;
			buildActionMask = 2147483647;
			files = (
			);
			runOnlyForDeploymentPostprocessing = 0;
		};
/* End PBXSourcesBuildPhase section */

/* Begin PBXTargetDependency section */
		72DE98232D7BD2F7003B856B /* PBXTargetDependency */ = {
			isa = PBXTargetDependency;
			target = 72DE980A2D7BD2F5003B856B /* ChatFirebase */;
			targetProxy = 72DE98222D7BD2F7003B856B /* PBXContainerItemProxy */;
		};
		72DE982D2D7BD2F7003B856B /* PBXTargetDependency */ = {
			isa = PBXTargetDependency;
			target = 72DE980A2D7BD2F5003B856B /* ChatFirebase */;
			targetProxy = 72DE982C2D7BD2F7003B856B /* PBXContainerItemProxy */;
		};
/* End PBXTargetDependency section */

/* Begin XCBuildConfiguration section */
		72DE98352D7BD2F7003B856B /* Debug */ = {
			isa = XCBuildConfiguration;
			baseConfigurationReference = 39EE23DFD3ED842FC04659A0 /* Pods-ChatFirebase.debug.xcconfig */;
			buildSettings = {
				ASSETCATALOG_COMPILER_APPICON_NAME = AppIcon;
				ASSETCATALOG_COMPILER_GLOBAL_ACCENT_COLOR_NAME = AccentColor;
				CODE_SIGN_STYLE = Automatic;
				CURRENT_PROJECT_VERSION = 1;
				GENERATE_INFOPLIST_FILE = YES;
				INFOPLIST_FILE = ChatFirebase/Info.plist;
				INFOPLIST_KEY_UIApplicationSupportsIndirectInputEvents = YES;
				INFOPLIST_KEY_UILaunchStoryboardName = LaunchScreen;
				INFOPLIST_KEY_UISupportedInterfaceOrientations = UIInterfaceOrientationPortrait;
				INFOPLIST_KEY_UIUserInterfaceStyle = Light;
				IPHONEOS_DEPLOYMENT_TARGET = 13.0;
				LD_RUNPATH_SEARCH_PATHS = (
					"$(inherited)",
					"@executable_path/Frameworks",
				);
				MARKETING_VERSION = 1.0;
				PRODUCT_BUNDLE_IDENTIFIER = sanchez.salazar.paulina.ChatFirebase;
				PRODUCT_NAME = "$(TARGET_NAME)";
				SWIFT_EMIT_LOC_STRINGS = YES;
				SWIFT_VERSION = 5.0;
				TARGETED_DEVICE_FAMILY = "1,2";
			};
			name = Debug;
		};
		72DE98362D7BD2F7003B856B /* Release */ = {
			isa = XCBuildConfiguration;
			baseConfigurationReference = D793F313059D24BE72059D14 /* Pods-ChatFirebase.release.xcconfig */;
			buildSettings = {
				ASSETCATALOG_COMPILER_APPICON_NAME = AppIcon;
				ASSETCATALOG_COMPILER_GLOBAL_ACCENT_COLOR_NAME = AccentColor;
				CODE_SIGN_STYLE = Automatic;
				CURRENT_PROJECT_VERSION = 1;
				GENERATE_INFOPLIST_FILE = YES;
				INFOPLIST_FILE = ChatFirebase/Info.plist;
				INFOPLIST_KEY_UIApplicationSupportsIndirectInputEvents = YES;
				INFOPLIST_KEY_UILaunchStoryboardName = LaunchScreen;
				INFOPLIST_KEY_UISupportedInterfaceOrientations = UIInterfaceOrientationPortrait;
				INFOPLIST_KEY_UIUserInterfaceStyle = Light;
				IPHONEOS_DEPLOYMENT_TARGET = 13.0;
				LD_RUNPATH_SEARCH_PATHS = (
					"$(inherited)",
					"@executable_path/Frameworks",
				);
				MARKETING_VERSION = 1.0;
				PRODUCT_BUNDLE_IDENTIFIER = sanchez.salazar.paulina.ChatFirebase;
				PRODUCT_NAME = "$(TARGET_NAME)";
				SWIFT_EMIT_LOC_STRINGS = YES;
				SWIFT_VERSION = 5.0;
				TARGETED_DEVICE_FAMILY = "1,2";
			};
			name = Release;
		};
		72DE98372D7BD2F7003B856B /* Debug */ = {
			isa = XCBuildConfiguration;
			buildSettings = {
				ALWAYS_SEARCH_USER_PATHS = NO;
				ASSETCATALOG_COMPILER_GENERATE_SWIFT_ASSET_SYMBOL_EXTENSIONS = YES;
				CLANG_ANALYZER_NONNULL = YES;
				CLANG_ANALYZER_NUMBER_OBJECT_CONVERSION = YES_AGGRESSIVE;
				CLANG_CXX_LANGUAGE_STANDARD = "gnu++20";
				CLANG_ENABLE_MODULES = YES;
				CLANG_ENABLE_OBJC_ARC = YES;
				CLANG_ENABLE_OBJC_WEAK = YES;
				CLANG_WARN_BLOCK_CAPTURE_AUTORELEASING = YES;
				CLANG_WARN_BOOL_CONVERSION = YES;
				CLANG_WARN_COMMA = YES;
				CLANG_WARN_CONSTANT_CONVERSION = YES;
				CLANG_WARN_DEPRECATED_OBJC_IMPLEMENTATIONS = YES;
				CLANG_WARN_DIRECT_OBJC_ISA_USAGE = YES_ERROR;
				CLANG_WARN_DOCUMENTATION_COMMENTS = YES;
				CLANG_WARN_EMPTY_BODY = YES;
				CLANG_WARN_ENUM_CONVERSION = YES;
				CLANG_WARN_INFINITE_RECURSION = YES;
				CLANG_WARN_INT_CONVERSION = YES;
				CLANG_WARN_NON_LITERAL_NULL_CONVERSION = YES;
				CLANG_WARN_OBJC_IMPLICIT_RETAIN_SELF = YES;
				CLANG_WARN_OBJC_LITERAL_CONVERSION = YES;
				CLANG_WARN_OBJC_ROOT_CLASS = YES_ERROR;
				CLANG_WARN_QUOTED_INCLUDE_IN_FRAMEWORK_HEADER = YES;
				CLANG_WARN_RANGE_LOOP_ANALYSIS = YES;
				CLANG_WARN_STRICT_PROTOTYPES = YES;
				CLANG_WARN_SUSPICIOUS_MOVE = YES;
				CLANG_WARN_UNGUARDED_AVAILABILITY = YES_AGGRESSIVE;
				CLANG_WARN_UNREACHABLE_CODE = YES;
				CLANG_WARN__DUPLICATE_METHOD_MATCH = YES;
				COPY_PHASE_STRIP = NO;
				DEBUG_INFORMATION_FORMAT = dwarf;
				ENABLE_STRICT_OBJC_MSGSEND = YES;
				ENABLE_TESTABILITY = YES;
				ENABLE_USER_SCRIPT_SANDBOXING = YES;
				GCC_C_LANGUAGE_STANDARD = gnu17;
				GCC_DYNAMIC_NO_PIC = NO;
				GCC_NO_COMMON_BLOCKS = YES;
				GCC_OPTIMIZATION_LEVEL = 0;
				GCC_PREPROCESSOR_DEFINITIONS = (
					"DEBUG=1",
					"$(inherited)",
				);
				GCC_WARN_64_TO_32_BIT_CONVERSION = YES;
				GCC_WARN_ABOUT_RETURN_TYPE = YES_ERROR;
				GCC_WARN_UNDECLARED_SELECTOR = YES;
				GCC_WARN_UNINITIALIZED_AUTOS = YES_AGGRESSIVE;
				GCC_WARN_UNUSED_FUNCTION = YES;
				GCC_WARN_UNUSED_VARIABLE = YES;
				IPHONEOS_DEPLOYMENT_TARGET = 18.2;
				LOCALIZATION_PREFERS_STRING_CATALOGS = YES;
				MTL_ENABLE_DEBUG_INFO = INCLUDE_SOURCE;
				MTL_FAST_MATH = YES;
				ONLY_ACTIVE_ARCH = YES;
				SDKROOT = iphoneos;
				SWIFT_ACTIVE_COMPILATION_CONDITIONS = "DEBUG $(inherited)";
				SWIFT_OPTIMIZATION_LEVEL = "-Onone";
			};
			name = Debug;
		};
		72DE98382D7BD2F7003B856B /* Release */ = {
			isa = XCBuildConfiguration;
			buildSettings = {
				ALWAYS_SEARCH_USER_PATHS = NO;
				ASSETCATALOG_COMPILER_GENERATE_SWIFT_ASSET_SYMBOL_EXTENSIONS = YES;
				CLANG_ANALYZER_NONNULL = YES;
				CLANG_ANALYZER_NUMBER_OBJECT_CONVERSION = YES_AGGRESSIVE;
				CLANG_CXX_LANGUAGE_STANDARD = "gnu++20";
				CLANG_ENABLE_MODULES = YES;
				CLANG_ENABLE_OBJC_ARC = YES;
				CLANG_ENABLE_OBJC_WEAK = YES;
				CLANG_WARN_BLOCK_CAPTURE_AUTORELEASING = YES;
				CLANG_WARN_BOOL_CONVERSION = YES;
				CLANG_WARN_COMMA = YES;
				CLANG_WARN_CONSTANT_CONVERSION = YES;
				CLANG_WARN_DEPRECATED_OBJC_IMPLEMENTATIONS = YES;
				CLANG_WARN_DIRECT_OBJC_ISA_USAGE = YES_ERROR;
				CLANG_WARN_DOCUMENTATION_COMMENTS = YES;
				CLANG_WARN_EMPTY_BODY = YES;
				CLANG_WARN_ENUM_CONVERSION = YES;
				CLANG_WARN_INFINITE_RECURSION = YES;
				CLANG_WARN_INT_CONVERSION = YES;
				CLANG_WARN_NON_LITERAL_NULL_CONVERSION = YES;
				CLANG_WARN_OBJC_IMPLICIT_RETAIN_SELF = YES;
				CLANG_WARN_OBJC_LITERAL_CONVERSION = YES;
				CLANG_WARN_OBJC_ROOT_CLASS = YES_ERROR;
				CLANG_WARN_QUOTED_INCLUDE_IN_FRAMEWORK_HEADER = YES;
				CLANG_WARN_RANGE_LOOP_ANALYSIS = YES;
				CLANG_WARN_STRICT_PROTOTYPES = YES;
				CLANG_WARN_SUSPICIOUS_MOVE = YES;
				CLANG_WARN_UNGUARDED_AVAILABILITY = YES_AGGRESSIVE;
				CLANG_WARN_UNREACHABLE_CODE = YES;
				CLANG_WARN__DUPLICATE_METHOD_MATCH = YES;
				COPY_PHASE_STRIP = NO;
				DEBUG_INFORMATION_FORMAT = "dwarf-with-dsym";
				ENABLE_NS_ASSERTIONS = NO;
				ENABLE_STRICT_OBJC_MSGSEND = YES;
				ENABLE_USER_SCRIPT_SANDBOXING = YES;
				GCC_C_LANGUAGE_STANDARD = gnu17;
				GCC_NO_COMMON_BLOCKS = YES;
				GCC_WARN_64_TO_32_BIT_CONVERSION = YES;
				GCC_WARN_ABOUT_RETURN_TYPE = YES_ERROR;
				GCC_WARN_UNDECLARED_SELECTOR = YES;
				GCC_WARN_UNINITIALIZED_AUTOS = YES_AGGRESSIVE;
				GCC_WARN_UNUSED_FUNCTION = YES;
				GCC_WARN_UNUSED_VARIABLE = YES;
				IPHONEOS_DEPLOYMENT_TARGET = 18.2;
				LOCALIZATION_PREFERS_STRING_CATALOGS = YES;
				MTL_ENABLE_DEBUG_INFO = NO;
				MTL_FAST_MATH = YES;
				SDKROOT = iphoneos;
				SWIFT_COMPILATION_MODE = wholemodule;
				VALIDATE_PRODUCT = YES;
			};
			name = Release;
		};
		72DE983A2D7BD2F7003B856B /* Debug */ = {
			isa = XCBuildConfiguration;
			baseConfigurationReference = A658EC426FF329FD4C70031A /* Pods-ChatFirebaseTests.debug.xcconfig */;
			buildSettings = {
				BUNDLE_LOADER = "$(TEST_HOST)";
				CODE_SIGN_STYLE = Automatic;
				CURRENT_PROJECT_VERSION = 1;
				GENERATE_INFOPLIST_FILE = YES;
				IPHONEOS_DEPLOYMENT_TARGET = 18.2;
				MARKETING_VERSION = 1.0;
				PRODUCT_BUNDLE_IDENTIFIER = sanchez.salazar.paulina.ChatFirebaseTests;
				PRODUCT_NAME = "$(TARGET_NAME)";
				SWIFT_EMIT_LOC_STRINGS = NO;
				SWIFT_VERSION = 5.0;
				TARGETED_DEVICE_FAMILY = "1,2";
				TEST_HOST = "$(BUILT_PRODUCTS_DIR)/ChatFirebase.app/$(BUNDLE_EXECUTABLE_FOLDER_PATH)/ChatFirebase";
			};
			name = Debug;
		};
		72DE983B2D7BD2F7003B856B /* Release */ = {
			isa = XCBuildConfiguration;
			baseConfigurationReference = A8C9F3C2FEFBAA59579CF8F8 /* Pods-ChatFirebaseTests.release.xcconfig */;
			buildSettings = {
				BUNDLE_LOADER = "$(TEST_HOST)";
				CODE_SIGN_STYLE = Automatic;
				CURRENT_PROJECT_VERSION = 1;
				GENERATE_INFOPLIST_FILE = YES;
				IPHONEOS_DEPLOYMENT_TARGET = 18.2;
				MARKETING_VERSION = 1.0;
				PRODUCT_BUNDLE_IDENTIFIER = sanchez.salazar.paulina.ChatFirebaseTests;
				PRODUCT_NAME = "$(TARGET_NAME)";
				SWIFT_EMIT_LOC_STRINGS = NO;
				SWIFT_VERSION = 5.0;
				TARGETED_DEVICE_FAMILY = "1,2";
				TEST_HOST = "$(BUILT_PRODUCTS_DIR)/ChatFirebase.app/$(BUNDLE_EXECUTABLE_FOLDER_PATH)/ChatFirebase";
			};
			name = Release;
		};
		72DE983D2D7BD2F7003B856B /* Debug */ = {
			isa = XCBuildConfiguration;
			baseConfigurationReference = 08FAA82D9A38997B91200408 /* Pods-ChatFirebase-ChatFirebaseUITests.debug.xcconfig */;
			buildSettings = {
				CODE_SIGN_STYLE = Automatic;
				CURRENT_PROJECT_VERSION = 1;
				GENERATE_INFOPLIST_FILE = YES;
				MARKETING_VERSION = 1.0;
				PRODUCT_BUNDLE_IDENTIFIER = sanchez.salazar.paulina.ChatFirebaseUITests;
				PRODUCT_NAME = "$(TARGET_NAME)";
				SWIFT_EMIT_LOC_STRINGS = NO;
				SWIFT_VERSION = 5.0;
				TARGETED_DEVICE_FAMILY = "1,2";
				TEST_TARGET_NAME = ChatFirebase;
			};
			name = Debug;
		};
		72DE983E2D7BD2F7003B856B /* Release */ = {
			isa = XCBuildConfiguration;
			baseConfigurationReference = B1815D70037E44D83381F727 /* Pods-ChatFirebase-ChatFirebaseUITests.release.xcconfig */;
			buildSettings = {
				CODE_SIGN_STYLE = Automatic;
				CURRENT_PROJECT_VERSION = 1;
				GENERATE_INFOPLIST_FILE = YES;
				MARKETING_VERSION = 1.0;
				PRODUCT_BUNDLE_IDENTIFIER = sanchez.salazar.paulina.ChatFirebaseUITests;
				PRODUCT_NAME = "$(TARGET_NAME)";
				SWIFT_EMIT_LOC_STRINGS = NO;
				SWIFT_VERSION = 5.0;
				TARGETED_DEVICE_FAMILY = "1,2";
				TEST_TARGET_NAME = ChatFirebase;
			};
			name = Release;
		};
/* End XCBuildConfiguration section */

/* Begin XCConfigurationList section */
		72DE98062D7BD2F5003B856B /* Build configuration list for PBXProject "ChatFirebase" */ = {
			isa = XCConfigurationList;
			buildConfigurations = (
				72DE98372D7BD2F7003B856B /* Debug */,
				72DE98382D7BD2F7003B856B /* Release */,
			);
			defaultConfigurationIsVisible = 0;
			defaultConfigurationName = Release;
		};
		72DE98342D7BD2F7003B856B /* Build configuration list for PBXNativeTarget "ChatFirebase" */ = {
			isa = XCConfigurationList;
			buildConfigurations = (
				72DE98352D7BD2F7003B856B /* Debug */,
				72DE98362D7BD2F7003B856B /* Release */,
			);
			defaultConfigurationIsVisible = 0;
			defaultConfigurationName = Release;
		};
		72DE98392D7BD2F7003B856B /* Build configuration list for PBXNativeTarget "ChatFirebaseTests" */ = {
			isa = XCConfigurationList;
			buildConfigurations = (
				72DE983A2D7BD2F7003B856B /* Debug */,
				72DE983B2D7BD2F7003B856B /* Release */,
			);
			defaultConfigurationIsVisible = 0;
			defaultConfigurationName = Release;
		};
		72DE983C2D7BD2F7003B856B /* Build configuration list for PBXNativeTarget "ChatFirebaseUITests" */ = {
			isa = XCConfigurationList;
			buildConfigurations = (
				72DE983D2D7BD2F7003B856B /* Debug */,
				72DE983E2D7BD2F7003B856B /* Release */,
			);
			defaultConfigurationIsVisible = 0;
			defaultConfigurationName = Release;
		};
/* End XCConfigurationList section */
	};
	rootObject = 72DE98032D7BD2F5003B856B /* Project object */;
}
